github.com/asaskevich/govalidator v0.0.0-20210307081110-f21760c49a8d h1:Byv0BzEl3/e6D5CLfI0j/7hiIEtvGVFPCZ7Ei2oq8iQ=
github.com/asaskevich/govalidator v0.0.0-20210307081110-f21760c49a8d/go.mod h1:WaHUgvxTVq04UNunO+XhnAqY/wQc+bxr74GqbsZ/Jqw=
golang.org/x/exp v0.0.0-20220722155223-a9213eeb770e h1:+WEEuIdZHnUeJJmEUjyYC2gfUMj69yZXw17EnHg/otA=
golang.org/x/exp v0.0.0-20220722155223-a9213eeb770e/go.mod h1:Kr81I6Kryrl9sr8s2FK3vxD90NdsKWRuOIl2O4CvYbA=
